
Microsoft Visual Studio Solution File, Format Version 12.00
# Visual Studio 15
VisualStudioVersion = 15.0.28307.168
MinimumVisualStudioVersion = 10.0.40219.1
Project("{FAE04EC0-301F-11D3-BF4B-00C04F79EFBC}") = "Lesson1", "Algorithms\Lesson1.csproj", "{EC08C9A7-BECC-43AA-A583-EE0F3E4F8F76}"
EndProject
Project("{FAE04EC0-301F-11D3-BF4B-00C04F79EFBC}") = "Lesson2", "Lesson2\Lesson2.csproj", "{7960D0E0-CDCE-425F-8556-AF5A01E42D48}"
EndProject
Project("{FAE04EC0-301F-11D3-BF4B-00C04F79EFBC}") = "Lesson3", "Lesson3\Lesson3.csproj", "{FAF22980-68D4-46C2-8677-67232A4FCB96}"
EndProject
Project("{FAE04EC0-301F-11D3-BF4B-00C04F79EFBC}") = "Lesson_4", "Lesson_4\Lesson_4.csproj", "{3009BBCE-24C5-4C09-86BA-F7EE33B225BB}"
EndProject
Project("{FAE04EC0-301F-11D3-BF4B-00C04F79EFBC}") = "Lesson_5", "Lesson_5\Lesson_5.csproj", "{AB538065-7517-4D5E-BF39-D6BEA947297E}"
EndProject
Project("{FAE04EC0-301F-11D3-BF4B-00C04F79EFBC}") = "Lesson_6", "Lesson_6\Lesson_6.csproj", "{EA6946CE-F6D0-4FB8-BB49-DC26D2B428C4}"
EndProject
Project("{FAE04EC0-301F-11D3-BF4B-00C04F79EFBC}") = "Lesson_7", "Lesson_7\Lesson_7.csproj", "{945844EE-4D20-42C0-83E3-CF2B47134D67}"
EndProject
Project("{FAE04EC0-301F-11D3-BF4B-00C04F79EFBC}") = "Lesson_8", "Lesson_8\Lesson_8.csproj", "{76B1B1AB-15C6-40F5-8C34-C8E2AA7A26B8}"
EndProject
Global
	GlobalSection(SolutionConfigurationPlatforms) = preSolution
		Debug|Any CPU = Debug|Any CPU
		Release|Any CPU = Release|Any CPU
	EndGlobalSection
	GlobalSection(ProjectConfigurationPlatforms) = postSolution
		{EC08C9A7-BECC-43AA-A583-EE0F3E4F8F76}.Debug|Any CPU.ActiveCfg = Debug|Any CPU
		{EC08C9A7-BECC-43AA-A583-EE0F3E4F8F76}.Debug|Any CPU.Build.0 = Debug|Any CPU
		{EC08C9A7-BECC-43AA-A583-EE0F3E4F8F76}.Release|Any CPU.ActiveCfg = Release|Any CPU
		{EC08C9A7-BECC-43AA-A583-EE0F3E4F8F76}.Release|Any CPU.Build.0 = Release|Any CPU
		{7960D0E0-CDCE-425F-8556-AF5A01E42D48}.Debug|Any CPU.ActiveCfg = Debug|Any CPU
		{7960D0E0-CDCE-425F-8556-AF5A01E42D48}.Debug|Any CPU.Build.0 = Debug|Any CPU
		{7960D0E0-CDCE-425F-8556-AF5A01E42D48}.Release|Any CPU.ActiveCfg = Release|Any CPU
		{7960D0E0-CDCE-425F-8556-AF5A01E42D48}.Release|Any CPU.Build.0 = Release|Any CPU
		{FAF22980-68D4-46C2-8677-67232A4FCB96}.Debug|Any CPU.ActiveCfg = Debug|Any CPU
		{FAF22980-68D4-46C2-8677-67232A4FCB96}.Debug|Any CPU.Build.0 = Debug|Any CPU
		{FAF22980-68D4-46C2-8677-67232A4FCB96}.Release|Any CPU.ActiveCfg = Release|Any CPU
		{FAF22980-68D4-46C2-8677-67232A4FCB96}.Release|Any CPU.Build.0 = Release|Any CPU
		{3009BBCE-24C5-4C09-86BA-F7EE33B225BB}.Debug|Any CPU.ActiveCfg = Debug|Any CPU
		{3009BBCE-24C5-4C09-86BA-F7EE33B225BB}.Debug|Any CPU.Build.0 = Debug|Any CPU
		{3009BBCE-24C5-4C09-86BA-F7EE33B225BB}.Release|Any CPU.ActiveCfg = Release|Any CPU
		{3009BBCE-24C5-4C09-86BA-F7EE33B225BB}.Release|Any CPU.Build.0 = Release|Any CPU
		{AB538065-7517-4D5E-BF39-D6BEA947297E}.Debug|Any CPU.ActiveCfg = Debug|Any CPU
		{AB538065-7517-4D5E-BF39-D6BEA947297E}.Debug|Any CPU.Build.0 = Debug|Any CPU
		{AB538065-7517-4D5E-BF39-D6BEA947297E}.Release|Any CPU.ActiveCfg = Release|Any CPU
		{AB538065-7517-4D5E-BF39-D6BEA947297E}.Release|Any CPU.Build.0 = Release|Any CPU
		{EA6946CE-F6D0-4FB8-BB49-DC26D2B428C4}.Debug|Any CPU.ActiveCfg = Debug|Any CPU
		{EA6946CE-F6D0-4FB8-BB49-DC26D2B428C4}.Debug|Any CPU.Build.0 = Debug|Any CPU
		{EA6946CE-F6D0-4FB8-BB49-DC26D2B428C4}.Release|Any CPU.ActiveCfg = Release|Any CPU
		{EA6946CE-F6D0-4FB8-BB49-DC26D2B428C4}.Release|Any CPU.Build.0 = Release|Any CPU
		{945844EE-4D20-42C0-83E3-CF2B47134D67}.Debug|Any CPU.ActiveCfg = Debug|Any CPU
		{945844EE-4D20-42C0-83E3-CF2B47134D67}.Debug|Any CPU.Build.0 = Debug|Any CPU
		{945844EE-4D20-42C0-83E3-CF2B47134D67}.Release|Any CPU.ActiveCfg = Release|Any CPU
		{945844EE-4D20-42C0-83E3-CF2B47134D67}.Release|Any CPU.Build.0 = Release|Any CPU
		{76B1B1AB-15C6-40F5-8C34-C8E2AA7A26B8}.Debug|Any CPU.ActiveCfg = Debug|Any CPU
		{76B1B1AB-15C6-40F5-8C34-C8E2AA7A26B8}.Debug|Any CPU.Build.0 = Debug|Any CPU
		{76B1B1AB-15C6-40F5-8C34-C8E2AA7A26B8}.Release|Any CPU.ActiveCfg = Release|Any CPU
		{76B1B1AB-15C6-40F5-8C34-C8E2AA7A26B8}.Release|Any CPU.Build.0 = Release|Any CPU
	EndGlobalSection
	GlobalSection(SolutionProperties) = preSolution
		HideSolutionNode = FALSE
	EndGlobalSection
	GlobalSection(ExtensibilityGlobals) = postSolution
		SolutionGuid = {B5F38085-56CD-420C-B672-FE80C6BED7D5}
	EndGlobalSection
EndGlobal
